
Microsoft Visual Studio Solution File, Format Version 12.00
# Visual Studio Version 17
VisualStudioVersion = 17.7.34031.279
MinimumVisualStudioVersion = 10.0.40219.1
Project("{FAE04EC0-301F-11D3-BF4B-00C04F79EFBC}") = "Ordening.API", "Orderning.API\Ordening.API.csproj", "{06A55DEC-0533-4C73-AE41-743D51A67223}"
EndProject
Project("{FAE04EC0-301F-11D3-BF4B-00C04F79EFBC}") = "Ordering.Domain", "Ordering.Domain\Ordering.Domain.csproj", "{C203BAFB-74F6-45F9-995C-E8D33653DB93}"
EndProject
Project("{FAE04EC0-301F-11D3-BF4B-00C04F79EFBC}") = "Ordering.Infrastructure", "Ordering.Infrastructure\Ordering.Infrastructure.csproj", "{55F29495-8F93-496E-853E-166D3BE14C8F}"
EndProject
Global
	GlobalSection(SolutionConfigurationPlatforms) = preSolution
		Debug|Any CPU = Debug|Any CPU
		Release|Any CPU = Release|Any CPU
	EndGlobalSection
	GlobalSection(ProjectConfigurationPlatforms) = postSolution
		{06A55DEC-0533-4C73-AE41-743D51A67223}.Debug|Any CPU.ActiveCfg = Debug|Any CPU
		{06A55DEC-0533-4C73-AE41-743D51A67223}.Debug|Any CPU.Build.0 = Debug|Any CPU
		{06A55DEC-0533-4C73-AE41-743D51A67223}.Release|Any CPU.ActiveCfg = Release|Any CPU
		{06A55DEC-0533-4C73-AE41-743D51A67223}.Release|Any CPU.Build.0 = Release|Any CPU
		{C203BAFB-74F6-45F9-995C-E8D33653DB93}.Debug|Any CPU.ActiveCfg = Debug|Any CPU
		{C203BAFB-74F6-45F9-995C-E8D33653DB93}.Debug|Any CPU.Build.0 = Debug|Any CPU
		{C203BAFB-74F6-45F9-995C-E8D33653DB93}.Release|Any CPU.ActiveCfg = Release|Any CPU
		{C203BAFB-74F6-45F9-995C-E8D33653DB93}.Release|Any CPU.Build.0 = Release|Any CPU
		{55F29495-8F93-496E-853E-166D3BE14C8F}.Debug|Any CPU.ActiveCfg = Debug|Any CPU
		{55F29495-8F93-496E-853E-166D3BE14C8F}.Debug|Any CPU.Build.0 = Debug|Any CPU
		{55F29495-8F93-496E-853E-166D3BE14C8F}.Release|Any CPU.ActiveCfg = Release|Any CPU
		{55F29495-8F93-496E-853E-166D3BE14C8F}.Release|Any CPU.Build.0 = Release|Any CPU
	EndGlobalSection
	GlobalSection(SolutionProperties) = preSolution
		HideSolutionNode = FALSE
	EndGlobalSection
	GlobalSection(ExtensibilityGlobals) = postSolution
		SolutionGuid = {3C50C0CF-92A1-4C0F-818F-FFDB35E972F4}
	EndGlobalSection
EndGlobal
